
Microsoft Visual Studio Solution File, Format Version 12.00
# Visual Studio Version 17
VisualStudioVersion = 17.1.32319.34
MinimumVisualStudioVersion = 10.0.40219.1
Project("{FAE04EC0-301F-11D3-BF4B-00C04F79EFBC}") = "MC-Dex", "MC-Dex.csproj", "{CFD28104-4743-45D5-A316-127F15E0F279}"
EndProject
Project("{9A19103F-16F7-4668-BE54-9A1E7A4F7556}") = "Test", "..\Test\Test.csproj", "{25A9C984-8186-4E83-8CA4-226B5BD586A2}"
EndProject
Project("{9A19103F-16F7-4668-BE54-9A1E7A4F7556}") = "Modele", "..\Modele\Modele.csproj", "{CB1BBD46-5476-4089-8B06-045B7495310D}"
EndProject
Project("{FAE04EC0-301F-11D3-BF4B-00C04F79EFBC}") = "Item_UT", "..\Item_UT\Item_UT.csproj", "{583BADAF-D152-43F0-9CFF-C826AF29B0D5}"
EndProject
Global
	GlobalSection(SolutionConfigurationPlatforms) = preSolution
		Debug|Any CPU = Debug|Any CPU
		Release|Any CPU = Release|Any CPU
	EndGlobalSection
	GlobalSection(ProjectConfigurationPlatforms) = postSolution
		{CFD28104-4743-45D5-A316-127F15E0F279}.Debug|Any CPU.ActiveCfg = Debug|Any CPU
		{CFD28104-4743-45D5-A316-127F15E0F279}.Debug|Any CPU.Build.0 = Debug|Any CPU
		{CFD28104-4743-45D5-A316-127F15E0F279}.Release|Any CPU.ActiveCfg = Release|Any CPU
		{CFD28104-4743-45D5-A316-127F15E0F279}.Release|Any CPU.Build.0 = Release|Any CPU
		{25A9C984-8186-4E83-8CA4-226B5BD586A2}.Debug|Any CPU.ActiveCfg = Debug|Any CPU
		{25A9C984-8186-4E83-8CA4-226B5BD586A2}.Debug|Any CPU.Build.0 = Debug|Any CPU
		{25A9C984-8186-4E83-8CA4-226B5BD586A2}.Release|Any CPU.ActiveCfg = Release|Any CPU
		{25A9C984-8186-4E83-8CA4-226B5BD586A2}.Release|Any CPU.Build.0 = Release|Any CPU
		{CB1BBD46-5476-4089-8B06-045B7495310D}.Debug|Any CPU.ActiveCfg = Debug|Any CPU
		{CB1BBD46-5476-4089-8B06-045B7495310D}.Debug|Any CPU.Build.0 = Debug|Any CPU
		{CB1BBD46-5476-4089-8B06-045B7495310D}.Release|Any CPU.ActiveCfg = Release|Any CPU
		{CB1BBD46-5476-4089-8B06-045B7495310D}.Release|Any CPU.Build.0 = Release|Any CPU
		{583BADAF-D152-43F0-9CFF-C826AF29B0D5}.Debug|Any CPU.ActiveCfg = Debug|Any CPU
		{583BADAF-D152-43F0-9CFF-C826AF29B0D5}.Debug|Any CPU.Build.0 = Debug|Any CPU
		{583BADAF-D152-43F0-9CFF-C826AF29B0D5}.Release|Any CPU.ActiveCfg = Release|Any CPU
		{583BADAF-D152-43F0-9CFF-C826AF29B0D5}.Release|Any CPU.Build.0 = Release|Any CPU
	EndGlobalSection
	GlobalSection(SolutionProperties) = preSolution
		HideSolutionNode = FALSE
	EndGlobalSection
	GlobalSection(ExtensibilityGlobals) = postSolution
		SolutionGuid = {5F5BE63A-7DEA-40E1-A7B8-5038DF093DFB}
	EndGlobalSection
EndGlobal
